
Microsoft Visual Studio Solution File, Format Version 12.00
# Visual Studio Version 17
VisualStudioVersion = 17.11.35303.130
MinimumVisualStudioVersion = 10.0.40219.1
Project("{9A19103F-16F7-4668-BE54-9A1E7A4F7556}") = "Zip.WebAPI", "Zip.WebAPI\Zip.WebAPI.csproj", "{0652E430-24A1-429D-B9C8-FC5E308D77FB}"
EndProject
Project("{9A19103F-16F7-4668-BE54-9A1E7A4F7556}") = "Zip.Tests", "Zip.Tests\Zip.Tests.csproj", "{07F900FC-80A1-4FFA-A652-2A070B4E337D}"
EndProject
Project("{FAE04EC0-301F-11D3-BF4B-00C04F79EFBC}") = "Zip.Domain", "Zip.Domain\Zip.Domain.csproj", "{2771CBFF-CA3C-41E0-95FF-F1D447FAA5BF}"
EndProject
Project("{FAE04EC0-301F-11D3-BF4B-00C04F79EFBC}") = "Zip.Application", "Zip.Application\Zip.Application.csproj", "{F722E769-CBD8-4F30-8157-1F9DC269752C}"
EndProject
Project("{FAE04EC0-301F-11D3-BF4B-00C04F79EFBC}") = "Zip.Infrastructure", "Zip.Infrastructure\Zip.Infrastructure.csproj", "{E7D00C65-F852-4A22-AF88-0C2C69E7549D}"
EndProject
Global
	GlobalSection(SolutionConfigurationPlatforms) = preSolution
		Debug|Any CPU = Debug|Any CPU
		Release|Any CPU = Release|Any CPU
	EndGlobalSection
	GlobalSection(ProjectConfigurationPlatforms) = postSolution
		{0652E430-24A1-429D-B9C8-FC5E308D77FB}.Debug|Any CPU.ActiveCfg = Debug|Any CPU
		{0652E430-24A1-429D-B9C8-FC5E308D77FB}.Debug|Any CPU.Build.0 = Debug|Any CPU
		{0652E430-24A1-429D-B9C8-FC5E308D77FB}.Release|Any CPU.ActiveCfg = Release|Any CPU
		{0652E430-24A1-429D-B9C8-FC5E308D77FB}.Release|Any CPU.Build.0 = Release|Any CPU
		{07F900FC-80A1-4FFA-A652-2A070B4E337D}.Debug|Any CPU.ActiveCfg = Debug|Any CPU
		{07F900FC-80A1-4FFA-A652-2A070B4E337D}.Debug|Any CPU.Build.0 = Debug|Any CPU
		{07F900FC-80A1-4FFA-A652-2A070B4E337D}.Release|Any CPU.ActiveCfg = Release|Any CPU
		{07F900FC-80A1-4FFA-A652-2A070B4E337D}.Release|Any CPU.Build.0 = Release|Any CPU
		{2771CBFF-CA3C-41E0-95FF-F1D447FAA5BF}.Debug|Any CPU.ActiveCfg = Debug|Any CPU
		{2771CBFF-CA3C-41E0-95FF-F1D447FAA5BF}.Debug|Any CPU.Build.0 = Debug|Any CPU
		{2771CBFF-CA3C-41E0-95FF-F1D447FAA5BF}.Release|Any CPU.ActiveCfg = Release|Any CPU
		{2771CBFF-CA3C-41E0-95FF-F1D447FAA5BF}.Release|Any CPU.Build.0 = Release|Any CPU
		{F722E769-CBD8-4F30-8157-1F9DC269752C}.Debug|Any CPU.ActiveCfg = Debug|Any CPU
		{F722E769-CBD8-4F30-8157-1F9DC269752C}.Debug|Any CPU.Build.0 = Debug|Any CPU
		{F722E769-CBD8-4F30-8157-1F9DC269752C}.Release|Any CPU.ActiveCfg = Release|Any CPU
		{F722E769-CBD8-4F30-8157-1F9DC269752C}.Release|Any CPU.Build.0 = Release|Any CPU
		{E7D00C65-F852-4A22-AF88-0C2C69E7549D}.Debug|Any CPU.ActiveCfg = Debug|Any CPU
		{E7D00C65-F852-4A22-AF88-0C2C69E7549D}.Debug|Any CPU.Build.0 = Debug|Any CPU
		{E7D00C65-F852-4A22-AF88-0C2C69E7549D}.Release|Any CPU.ActiveCfg = Release|Any CPU
		{E7D00C65-F852-4A22-AF88-0C2C69E7549D}.Release|Any CPU.Build.0 = Release|Any CPU
	EndGlobalSection
	GlobalSection(SolutionProperties) = preSolution
		HideSolutionNode = FALSE
	EndGlobalSection
	GlobalSection(ExtensibilityGlobals) = postSolution
		SolutionGuid = {4C44C029-3DEE-4A54-A93B-A1C4CE747848}
	EndGlobalSection
EndGlobal
